{
  "name": "kajak_kenu",
  "version": "1.0.0",
  "lockfileVersion": 3,
  "requires": true,
  "packages": {
    "": {
      "name": "kajak_kenu",
      "version": "1.0.0",
      "license": "ISC",
      "devDependencies": {
        "daisyui": "^5.3.10"
      }
    },
    "node_modules/daisyui": {
      "version": "5.3.10",
      "resolved": "https://registry.npmjs.org/daisyui/-/daisyui-5.3.10.tgz",
      "integrity": "sha512-vmjyPmm0hvFhA95KB6uiGmWakziB2pBv6CUcs5Ka/3iMBMn9S+C3SZYx9G9l2JrgTZ1EFn61F/HrPcwaUm2kLQ==",
      "dev": true,
      "license": "MIT",
      "funding": {
        "url": "https://github.com/saadeghi/daisyui?sponsor=1"
      }
    }
  }
}
